
Microsoft Visual Studio Solution File, Format Version 12.00
# Visual Studio Version 17
VisualStudioVersion = 17.0.32126.317
MinimumVisualStudioVersion = 10.0.40219.1
Project("{FAE04EC0-301F-11D3-BF4B-00C04F79EFBC}") = "TravelWebSite", "TravelWebSite\TravelWebSite.csproj", "{1351E21E-81CC-4671-B35E-574EFA3B5076}"
EndProject
Global
	GlobalSection(SolutionConfigurationPlatforms) = preSolution
		Debug|Any CPU = Debug|Any CPU
		Release|Any CPU = Release|Any CPU
	EndGlobalSection
	GlobalSection(ProjectConfigurationPlatforms) = postSolution
		{1351E21E-81CC-4671-B35E-574EFA3B5076}.Debug|Any CPU.ActiveCfg = Debug|Any CPU
		{1351E21E-81CC-4671-B35E-574EFA3B5076}.Debug|Any CPU.Build.0 = Debug|Any CPU
		{1351E21E-81CC-4671-B35E-574EFA3B5076}.Release|Any CPU.ActiveCfg = Release|Any CPU
		{1351E21E-81CC-4671-B35E-574EFA3B5076}.Release|Any CPU.Build.0 = Release|Any CPU
	EndGlobalSection
	GlobalSection(SolutionProperties) = preSolution
		HideSolutionNode = FALSE
	EndGlobalSection
	GlobalSection(ExtensibilityGlobals) = postSolution
		SolutionGuid = {4C2927B6-9A88-44A9-ADB6-9F92DE96F40D}
	EndGlobalSection
EndGlobal
